
Microsoft Visual Studio Solution File, Format Version 12.00
# Visual Studio Version 17
VisualStudioVersion = 17.10.35013.160
MinimumVisualStudioVersion = 10.0.40219.1
Project("{FAE04EC0-301F-11D3-BF4B-00C04F79EFBC}") = "day3", "day3\day3.csproj", "{3E008D8B-B43E-4C9C-96D5-CDFDE2F73083}"
EndProject
Global
	GlobalSection(SolutionConfigurationPlatforms) = preSolution
		Debug|Any CPU = Debug|Any CPU
		Release|Any CPU = Release|Any CPU
	EndGlobalSection
	GlobalSection(ProjectConfigurationPlatforms) = postSolution
		{3E008D8B-B43E-4C9C-96D5-CDFDE2F73083}.Debug|Any CPU.ActiveCfg = Debug|Any CPU
		{3E008D8B-B43E-4C9C-96D5-CDFDE2F73083}.Debug|Any CPU.Build.0 = Debug|Any CPU
		{3E008D8B-B43E-4C9C-96D5-CDFDE2F73083}.Release|Any CPU.ActiveCfg = Release|Any CPU
		{3E008D8B-B43E-4C9C-96D5-CDFDE2F73083}.Release|Any CPU.Build.0 = Release|Any CPU
	EndGlobalSection
	GlobalSection(SolutionProperties) = preSolution
		HideSolutionNode = FALSE
	EndGlobalSection
	GlobalSection(ExtensibilityGlobals) = postSolution
		SolutionGuid = {92DF3828-D432-411D-8E03-13FBEE0AEA52}
	EndGlobalSection
EndGlobal
