
Microsoft Visual Studio Solution File, Format Version 12.00
# Visual Studio Version 17
VisualStudioVersion = 17.10.35013.160
MinimumVisualStudioVersion = 10.0.40219.1
Project("{FAE04EC0-301F-11D3-BF4B-00C04F79EFBC}") = "Task6", "Task6\Task6.csproj", "{7299554D-8DE5-4548-B2D6-05C25DF36059}"
EndProject
Global
	GlobalSection(SolutionConfigurationPlatforms) = preSolution
		Debug|Any CPU = Debug|Any CPU
		Release|Any CPU = Release|Any CPU
	EndGlobalSection
	GlobalSection(ProjectConfigurationPlatforms) = postSolution
		{7299554D-8DE5-4548-B2D6-05C25DF36059}.Debug|Any CPU.ActiveCfg = Debug|Any CPU
		{7299554D-8DE5-4548-B2D6-05C25DF36059}.Debug|Any CPU.Build.0 = Debug|Any CPU
		{7299554D-8DE5-4548-B2D6-05C25DF36059}.Release|Any CPU.ActiveCfg = Release|Any CPU
		{7299554D-8DE5-4548-B2D6-05C25DF36059}.Release|Any CPU.Build.0 = Release|Any CPU
	EndGlobalSection
	GlobalSection(SolutionProperties) = preSolution
		HideSolutionNode = FALSE
	EndGlobalSection
	GlobalSection(ExtensibilityGlobals) = postSolution
		SolutionGuid = {65BA9360-4865-4AC7-B8EB-9AA584973F36}
	EndGlobalSection
EndGlobal
